github.com/inspirer/textmapper v0.0.0-20181202234051-312f7a0d146c h1:213Qb/08zOK1MMtHGdf8yuhnil4FcyJQpiP46PvLcCE=
github.com/inspirer/textmapper v0.0.0-20181202234051-312f7a0d146c/go.mod h1:SpoIwXu07A3gguovN379QUCTHpUk1lhX2KIjVxpQOas=
github.com/inspirer/textmapper v0.0.0-20181224220124-bad2c4921a6b/go.mod h1:SpoIwXu07A3gguovN379QUCTHpUk1lhX2KIjVxpQOas=
