github.com/inspirer/textmapper v0.0.0-20190210144929-150502cb409a h1:0B/w86JzbXwbUVYyBoYteovl9GfE4NOH84xSmRS+eis=
github.com/inspirer/textmapper v0.0.0-20190210144929-150502cb409a/go.mod h1:SpoIwXu07A3gguovN379QUCTHpUk1lhX2KIjVxpQOas=
github.com/inspirer/textmapper v0.0.0-20191027082318-cd73b6bdd3ea h1:ILScbW4Xsbte/1RqNc5A/r0REMFuAv1zKEiFeuYDh+I=
github.com/inspirer/textmapper v0.0.0-20191027082318-cd73b6bdd3ea/go.mod h1:SpoIwXu07A3gguovN379QUCTHpUk1lhX2KIjVxpQOas=
